// !$*UTF8*$!
{
	archiveVersion = 1;
	classes = {
	};
	objectVersion = 48;
	objects = {

/* Begin PBXBuildFile section */
		346B9F9A2041E33A004F5295 /* AppDelegate.swift in Sources */ = {isa = PBXBuildFile; fileRef = 346B9F992041E33A004F5295 /* AppDelegate.swift */; };
		346B9F9C2041E33A004F5295 /* ViewController.swift in Sources */ = {isa = PBXBuildFile; fileRef = 346B9F9B2041E33A004F5295 /* ViewController.swift */; };
		346B9F9F2041E33A004F5295 /* Main.storyboard in Resources */ = {isa = PBXBuildFile; fileRef = 346B9F9D2041E33A004F5295 /* Main.storyboard */; };
		346B9FA12041E33A004F5295 /* Assets.xcassets in Resources */ = {isa = PBXBuildFile; fileRef = 346B9FA02041E33A004F5295 /* Assets.xcassets */; };
		346B9FA42041E33A004F5295 /* LaunchScreen.storyboard in Resources */ = {isa = PBXBuildFile; fileRef = 346B9FA22041E33A004F5295 /* LaunchScreen.storyboard */; };
		346B9FAF2041E33B004F5295 /* Mail_Gun_Swift_4Tests.swift in Sources */ = {isa = PBXBuildFile; fileRef = 346B9FAE2041E33B004F5295 /* Mail_Gun_Swift_4Tests.swift */; };
		346B9FBA2041E33B004F5295 /* Mail_Gun_Swift_4UITests.swift in Sources */ = {isa = PBXBuildFile; fileRef = 346B9FB92041E33B004F5295 /* Mail_Gun_Swift_4UITests.swift */; };
		346B9FC82041E36D004F5295 /* Keys.plist in Resources */ = {isa = PBXBuildFile; fileRef = 346B9FC72041E36C004F5295 /* Keys.plist */; };
		346B9FC92041E36D004F5295 /* Keys.plist in Resources */ = {isa = PBXBuildFile; fileRef = 346B9FC72041E36C004F5295 /* Keys.plist */; };
		346B9FCA2041E36D004F5295 /* Keys.plist in Resources */ = {isa = PBXBuildFile; fileRef = 346B9FC72041E36C004F5295 /* Keys.plist */; };
/* End PBXBuildFile section */

/* Begin PBXContainerItemProxy section */
		346B9FAB2041E33B004F5295 /* PBXContainerItemProxy */ = {
			isa = PBXContainerItemProxy;
			containerPortal = 346B9F8E2041E33A004F5295 /* Project object */;
			proxyType = 1;
			remoteGlobalIDString = 346B9F952041E33A004F5295;
			remoteInfo = "Mail Gun Swift 4";
		};
		346B9FB62041E33B004F5295 /* PBXContainerItemProxy */ = {
			isa = PBXContainerItemProxy;
			containerPortal = 346B9F8E2041E33A004F5295 /* Project object */;
			proxyType = 1;
			remoteGlobalIDString = 346B9F952041E33A004F5295;
			remoteInfo = "Mail Gun Swift 4";
		};
/* End PBXContainerItemProxy section */

/* Begin PBXFileReference section */
		346B9F962041E33A004F5295 /* Mail Gun Swift 4.app */ = {isa = PBXFileReference; explicitFileType = wrapper.application; includeInIndex = 0; path = "Mail Gun Swift 4.app"; sourceTree = BUILT_PRODUCTS_DIR; };
		346B9F992041E33A004F5295 /* AppDelegate.swift */ = {isa = PBXFileReference; lastKnownFileType = sourcecode.swift; path = AppDelegate.swift; sourceTree = "<group>"; };
		346B9F9B2041E33A004F5295 /* ViewController.swift */ = {isa = PBXFileReference; lastKnownFileType = sourcecode.swift; path = ViewController.swift; sourceTree = "<group>"; };
		346B9F9E2041E33A004F5295 /* Base */ = {isa = PBXFileReference; lastKnownFileType = file.storyboard; name = Base; path = Base.lproj/Main.storyboard; sourceTree = "<group>"; };
		346B9FA02041E33A004F5295 /* Assets.xcassets */ = {isa = PBXFileReference; lastKnownFileType = folder.assetcatalog; path = Assets.xcassets; sourceTree = "<group>"; };
		346B9FA32041E33A004F5295 /* Base */ = {isa = PBXFileReference; lastKnownFileType = file.storyboard; name = Base; path = Base.lproj/LaunchScreen.storyboard; sourceTree = "<group>"; };
		346B9FA52041E33A004F5295 /* Info.plist */ = {isa = PBXFileReference; lastKnownFileType = text.plist.xml; path = Info.plist; sourceTree = "<group>"; };
		346B9FAA2041E33B004F5295 /* Mail Gun Swift 4Tests.xctest */ = {isa = PBXFileReference; explicitFileType = wrapper.cfbundle; includeInIndex = 0; path = "Mail Gun Swift 4Tests.xctest"; sourceTree = BUILT_PRODUCTS_DIR; };
		346B9FAE2041E33B004F5295 /* Mail_Gun_Swift_4Tests.swift */ = {isa = PBXFileReference; lastKnownFileType = sourcecode.swift; path = Mail_Gun_Swift_4Tests.swift; sourceTree = "<group>"; };
		346B9FB02041E33B004F5295 /* Info.plist */ = {isa = PBXFileReference; lastKnownFileType = text.plist.xml; path = Info.plist; sourceTree = "<group>"; };
		346B9FB52041E33B004F5295 /* Mail Gun Swift 4UITests.xctest */ = {isa = PBXFileReference; explicitFileType = wrapper.cfbundle; includeInIndex = 0; path = "Mail Gun Swift 4UITests.xctest"; sourceTree = BUILT_PRODUCTS_DIR; };
		346B9FB92041E33B004F5295 /* Mail_Gun_Swift_4UITests.swift */ = {isa = PBXFileReference; lastKnownFileType = sourcecode.swift; path = Mail_Gun_Swift_4UITests.swift; sourceTree = "<group>"; };
		346B9FBB2041E33B004F5295 /* Info.plist */ = {isa = PBXFileReference; lastKnownFileType = text.plist.xml; path = Info.plist; sourceTree = "<group>"; };
		346B9FC72041E36C004F5295 /* Keys.plist */ = {isa = PBXFileReference; fileEncoding = 4; lastKnownFileType = text.plist.xml; path = Keys.plist; sourceTree = "<group>"; };
/* End PBXFileReference section */

/* Begin PBXFrameworksBuildPhase section */
		346B9F932041E33A004F5295 /* Frameworks */ = {
			isa = PBXFrameworksBuildPhase;
			buildActionMask = 2147483647;
			files = (
			);
			runOnlyForDeploymentPostprocessing = 0;
		};
		346B9FA72041E33B004F5295 /* Frameworks */ = {
			isa = PBXFrameworksBuildPhase;
			buildActionMask = 2147483647;
			files = (
			);
			runOnlyForDeploymentPostprocessing = 0;
		};
		346B9FB22041E33B004F5295 /* Frameworks */ = {
			isa = PBXFrameworksBuildPhase;
			buildActionMask = 2147483647;
			files = (
			);
			runOnlyForDeploymentPostprocessing = 0;
		};
/* End PBXFrameworksBuildPhase section */

/* Begin PBXGroup section */
		346B9F8D2041E33A004F5295 = {
			isa = PBXGroup;
			children = (
				346B9F982041E33A004F5295 /* Mail Gun Swift 4 */,
				346B9FAD2041E33B004F5295 /* Mail Gun Swift 4Tests */,
				346B9FB82041E33B004F5295 /* Mail Gun Swift 4UITests */,
				346B9F972041E33A004F5295 /* Products */,
			);
			sourceTree = "<group>";
		};
		346B9F972041E33A004F5295 /* Products */ = {
			isa = PBXGroup;
			children = (
				346B9F962041E33A004F5295 /* Mail Gun Swift 4.app */,
				346B9FAA2041E33B004F5295 /* Mail Gun Swift 4Tests.xctest */,
				346B9FB52041E33B004F5295 /* Mail Gun Swift 4UITests.xctest */,
			);
			name = Products;
			sourceTree = "<group>";
		};
		346B9F982041E33A004F5295 /* Mail Gun Swift 4 */ = {
			isa = PBXGroup;
			children = (
				346B9F992041E33A004F5295 /* AppDelegate.swift */,
				346B9F9B2041E33A004F5295 /* ViewController.swift */,
				346B9F9D2041E33A004F5295 /* Main.storyboard */,
				346B9FA02041E33A004F5295 /* Assets.xcassets */,
				346B9FA22041E33A004F5295 /* LaunchScreen.storyboard */,
				346B9FA52041E33A004F5295 /* Info.plist */,
				346B9FC72041E36C004F5295 /* Keys.plist */,
			);
			path = "Mail Gun Swift 4";
			sourceTree = "<group>";
		};
		346B9FAD2041E33B004F5295 /* Mail Gun Swift 4Tests */ = {
			isa = PBXGroup;
			children = (
				346B9FAE2041E33B004F5295 /* Mail_Gun_Swift_4Tests.swift */,
				346B9FB02041E33B004F5295 /* Info.plist */,
			);
			path = "Mail Gun Swift 4Tests";
			sourceTree = "<group>";
		};
		346B9FB82041E33B004F5295 /* Mail Gun Swift 4UITests */ = {
			isa = PBXGroup;
			children = (
				346B9FB92041E33B004F5295 /* Mail_Gun_Swift_4UITests.swift */,
				346B9FBB2041E33B004F5295 /* Info.plist */,
			);
			path = "Mail Gun Swift 4UITests";
			sourceTree = "<group>";
		};
/* End PBXGroup section */

/* Begin PBXNativeTarget section */
		346B9F952041E33A004F5295 /* Mail Gun Swift 4 */ = {
			isa = PBXNativeTarget;
			buildConfigurationList = 346B9FBE2041E33B004F5295 /* Build configuration list for PBXNativeTarget "Mail Gun Swift 4" */;
			buildPhases = (
				346B9F922041E33A004F5295 /* Sources */,
				346B9F932041E33A004F5295 /* Frameworks */,
				346B9F942041E33A004F5295 /* Resources */,
			);
			buildRules = (
			);
			dependencies = (
			);
			name = "Mail Gun Swift 4";
			productName = "Mail Gun Swift 4";
			productReference = 346B9F962041E33A004F5295 /* Mail Gun Swift 4.app */;
			productType = "com.apple.product-type.application";
		};
		346B9FA92041E33B004F5295 /* Mail Gun Swift 4Tests */ = {
			isa = PBXNativeTarget;
			buildConfigurationList = 346B9FC12041E33B004F5295 /* Build configuration list for PBXNativeTarget "Mail Gun Swift 4Tests" */;
			buildPhases = (
				346B9FA62041E33B004F5295 /* Sources */,
				346B9FA72041E33B004F5295 /* Frameworks */,
				346B9FA82041E33B004F5295 /* Resources */,
			);
			buildRules = (
			);
			dependencies = (
				346B9FAC2041E33B004F5295 /* PBXTargetDependency */,
			);
			name = "Mail Gun Swift 4Tests";
			productName = "Mail Gun Swift 4Tests";
			productReference = 346B9FAA2041E33B004F5295 /* Mail Gun Swift 4Tests.xctest */;
			productType = "com.apple.product-type.bundle.unit-test";
		};
		346B9FB42041E33B004F5295 /* Mail Gun Swift 4UITests */ = {
			isa = PBXNativeTarget;
			buildConfigurationList = 346B9FC42041E33B004F5295 /* Build configuration list for PBXNativeTarget "Mail Gun Swift 4UITests" */;
			buildPhases = (
				346B9FB12041E33B004F5295 /* Sources */,
				346B9FB22041E33B004F5295 /* Frameworks */,
				346B9FB32041E33B004F5295 /* Resources */,
			);
			buildRules = (
			);
			dependencies = (
				346B9FB72041E33B004F5295 /* PBXTargetDependency */,
			);
			name = "Mail Gun Swift 4UITests";
			productName = "Mail Gun Swift 4UITests";
			productReference = 346B9FB52041E33B004F5295 /* Mail Gun Swift 4UITests.xctest */;
			productType = "com.apple.product-type.bundle.ui-testing";
		};
/* End PBXNativeTarget section */

/* Begin PBXProject section */
		346B9F8E2041E33A004F5295 /* Project object */ = {
			isa = PBXProject;
			attributes = {
				LastSwiftUpdateCheck = 0920;
				LastUpgradeCheck = 0920;
				ORGANIZATIONNAME = "Matthew Rempel";
				TargetAttributes = {
					346B9F952041E33A004F5295 = {
						CreatedOnToolsVersion = 9.2;
						ProvisioningStyle = Automatic;
					};
					346B9FA92041E33B004F5295 = {
						CreatedOnToolsVersion = 9.2;
						ProvisioningStyle = Automatic;
						TestTargetID = 346B9F952041E33A004F5295;
					};
					346B9FB42041E33B004F5295 = {
						CreatedOnToolsVersion = 9.2;
						ProvisioningStyle = Automatic;
						TestTargetID = 346B9F952041E33A004F5295;
					};
				};
			};
			buildConfigurationList = 346B9F912041E33A004F5295 /* Build configuration list for PBXProject "Mail Gun Swift 4" */;
			compatibilityVersion = "Xcode 8.0";
			developmentRegion = en;
			hasScannedForEncodings = 0;
			knownRegions = (
				en,
				Base,
			);
			mainGroup = 346B9F8D2041E33A004F5295;
			productRefGroup = 346B9F972041E33A004F5295 /* Products */;
			projectDirPath = "";
			projectRoot = "";
			targets = (
				346B9F952041E33A004F5295 /* Mail Gun Swift 4 */,
				346B9FA92041E33B004F5295 /* Mail Gun Swift 4Tests */,
				346B9FB42041E33B004F5295 /* Mail Gun Swift 4UITests */,
			);
		};
/* End PBXProject section */

/* Begin PBXResourcesBuildPhase section */
		346B9F942041E33A004F5295 /* Resources */ = {
			isa = PBXResourcesBuildPhase;
			buildActionMask = 2147483647;
			files = (
				346B9FC82041E36D004F5295 /* Keys.plist in Resources */,
				346B9FA42041E33A004F5295 /* LaunchScreen.storyboard in Resources */,
				346B9FA12041E33A004F5295 /* Assets.xcassets in Resources */,
				346B9F9F2041E33A004F5295 /* Main.storyboard in Resources */,
			);
			runOnlyForDeploymentPostprocessing = 0;
		};
		346B9FA82041E33B004F5295 /* Resources */ = {
			isa = PBXResourcesBuildPhase;
			buildActionMask = 2147483647;
			files = (
				346B9FC92041E36D004F5295 /* Keys.plist in Resources */,
			);
			runOnlyForDeploymentPostprocessing = 0;
		};
		346B9FB32041E33B004F5295 /* Resources */ = {
			isa = PBXResourcesBuildPhase;
			buildActionMask = 2147483647;
			files = (
				346B9FCA2041E36D004F5295 /* Keys.plist in Resources */,
			);
			runOnlyForDeploymentPostprocessing = 0;
		};
/* End PBXResourcesBuildPhase section */

/* Begin PBXSourcesBuildPhase section */
		346B9F922041E33A004F5295 /* Sources */ = {
			isa = PBXSourcesBuildPhase;
			buildActionMask = 2147483647;
			files = (
				346B9F9C2041E33A004F5295 /* ViewController.swift in Sources */,
				346B9F9A2041E33A004F5295 /* AppDelegate.swift in Sources */,
			);
			runOnlyForDeploymentPostprocessing = 0;
		};
		346B9FA62041E33B004F5295 /* Sources */ = {
			isa = PBXSourcesBuildPhase;
			buildActionMask = 2147483647;
			files = (
				346B9FAF2041E33B004F5295 /* Mail_Gun_Swift_4Tests.swift in Sources */,
			);
			runOnlyForDeploymentPostprocessing = 0;
		};
		346B9FB12041E33B004F5295 /* Sources */ = {
			isa = PBXSourcesBuildPhase;
			buildActionMask = 2147483647;
			files = (
				346B9FBA2041E33B004F5295 /* Mail_Gun_Swift_4UITests.swift in Sources */,
			);
			runOnlyForDeploymentPostprocessing = 0;
		};
/* End PBXSourcesBuildPhase section */

/* Begin PBXTargetDependency section */
		346B9FAC2041E33B004F5295 /* PBXTargetDependency */ = {
			isa = PBXTargetDependency;
			target = 346B9F952041E33A004F5295 /* Mail Gun Swift 4 */;
			targetProxy = 346B9FAB2041E33B004F5295 /* PBXContainerItemProxy */;
		};
		346B9FB72041E33B004F5295 /* PBXTargetDependency */ = {
			isa = PBXTargetDependency;
			target = 346B9F952041E33A004F5295 /* Mail Gun Swift 4 */;
			targetProxy = 346B9FB62041E33B004F5295 /* PBXContainerItemProxy */;
		};
/* End PBXTargetDependency section */

/* Begin PBXVariantGroup section */
		346B9F9D2041E33A004F5295 /* Main.storyboard */ = {
			isa = PBXVariantGroup;
			children = (
				346B9F9E2041E33A004F5295 /* Base */,
			);
			name = Main.storyboard;
			sourceTree = "<group>";
		};
		346B9FA22041E33A004F5295 /* LaunchScreen.storyboard */ = {
			isa = PBXVariantGroup;
			children = (
				346B9FA32041E33A004F5295 /* Base */,
			);
			name = LaunchScreen.storyboard;
			sourceTree = "<group>";
		};
/* End PBXVariantGroup section */

/* Begin XCBuildConfiguration section */
		346B9FBC2041E33B004F5295 /* Debug */ = {
			isa = XCBuildConfiguration;
			buildSettings = {
				ALWAYS_SEARCH_USER_PATHS = NO;
				CLANG_ANALYZER_NONNULL = YES;
				CLANG_ANALYZER_NUMBER_OBJECT_CONVERSION = YES_AGGRESSIVE;
				CLANG_CXX_LANGUAGE_STANDARD = "gnu++14";
				CLANG_CXX_LIBRARY = "libc++";
				CLANG_ENABLE_MODULES = YES;
				CLANG_ENABLE_OBJC_ARC = YES;
				CLANG_WARN_BLOCK_CAPTURE_AUTORELEASING = YES;
				CLANG_WARN_BOOL_CONVERSION = YES;
				CLANG_WARN_COMMA = YES;
				CLANG_WARN_CONSTANT_CONVERSION = YES;
				CLANG_WARN_DIRECT_OBJC_ISA_USAGE = YES_ERROR;
				CLANG_WARN_DOCUMENTATION_COMMENTS = YES;
				CLANG_WARN_EMPTY_BODY = YES;
				CLANG_WARN_ENUM_CONVERSION = YES;
				CLANG_WARN_INFINITE_RECURSION = YES;
				CLANG_WARN_INT_CONVERSION = YES;
				CLANG_WARN_NON_LITERAL_NULL_CONVERSION = YES;
				CLANG_WARN_OBJC_LITERAL_CONVERSION = YES;
				CLANG_WARN_OBJC_ROOT_CLASS = YES_ERROR;
				CLANG_WARN_RANGE_LOOP_ANALYSIS = YES;
				CLANG_WARN_STRICT_PROTOTYPES = YES;
				CLANG_WARN_SUSPICIOUS_MOVE = YES;
				CLANG_WARN_UNGUARDED_AVAILABILITY = YES_AGGRESSIVE;
				CLANG_WARN_UNREACHABLE_CODE = YES;
				CLANG_WARN__DUPLICATE_METHOD_MATCH = YES;
				CODE_SIGN_IDENTITY = "iPhone Developer";
				COPY_PHASE_STRIP = NO;
				DEBUG_INFORMATION_FORMAT = dwarf;
				ENABLE_STRICT_OBJC_MSGSEND = YES;
				ENABLE_TESTABILITY = YES;
				GCC_C_LANGUAGE_STANDARD = gnu11;
				GCC_DYNAMIC_NO_PIC = NO;
				GCC_NO_COMMON_BLOCKS = YES;
				GCC_OPTIMIZATION_LEVEL = 0;
				GCC_PREPROCESSOR_DEFINITIONS = (
					"DEBUG=1",
					"$(inherited)",
				);
				GCC_WARN_64_TO_32_BIT_CONVERSION = YES;
				GCC_WARN_ABOUT_RETURN_TYPE = YES_ERROR;
				GCC_WARN_UNDECLARED_SELECTOR = YES;
				GCC_WARN_UNINITIALIZED_AUTOS = YES_AGGRESSIVE;
				GCC_WARN_UNUSED_FUNCTION = YES;
				GCC_WARN_UNUSED_VARIABLE = YES;
				IPHONEOS_DEPLOYMENT_TARGET = 11.2;
				MTL_ENABLE_DEBUG_INFO = YES;
				ONLY_ACTIVE_ARCH = YES;
				SDKROOT = iphoneos;
				SWIFT_ACTIVE_COMPILATION_CONDITIONS = DEBUG;
				SWIFT_OPTIMIZATION_LEVEL = "-Onone";
			};
			name = Debug;
		};
		346B9FBD2041E33B004F5295 /* Release */ = {
			isa = XCBuildConfiguration;
			buildSettings = {
				ALWAYS_SEARCH_USER_PATHS = NO;
				CLANG_ANALYZER_NONNULL = YES;
				CLANG_ANALYZER_NUMBER_OBJECT_CONVERSION = YES_AGGRESSIVE;
				CLANG_CXX_LANGUAGE_STANDARD = "gnu++14";
				CLANG_CXX_LIBRARY = "libc++";
				CLANG_ENABLE_MODULES = YES;
				CLANG_ENABLE_OBJC_ARC = YES;
				CLANG_WARN_BLOCK_CAPTURE_AUTORELEASING = YES;
				CLANG_WARN_BOOL_CONVERSION = YES;
				CLANG_WARN_COMMA = YES;
				CLANG_WARN_CONSTANT_CONVERSION = YES;
				CLANG_WARN_DIRECT_OBJC_ISA_USAGE = YES_ERROR;
				CLANG_WARN_DOCUMENTATION_COMMENTS = YES;
				CLANG_WARN_EMPTY_BODY = YES;
				CLANG_WARN_ENUM_CONVERSION = YES;
				CLANG_WARN_INFINITE_RECURSION = YES;
				CLANG_WARN_INT_CONVERSION = YES;
				CLANG_WARN_NON_LITERAL_NULL_CONVERSION = YES;
				CLANG_WARN_OBJC_LITERAL_CONVERSION = YES;
				CLANG_WARN_OBJC_ROOT_CLASS = YES_ERROR;
				CLANG_WARN_RANGE_LOOP_ANALYSIS = YES;
				CLANG_WARN_STRICT_PROTOTYPES = YES;
				CLANG_WARN_SUSPICIOUS_MOVE = YES;
				CLANG_WARN_UNGUARDED_AVAILABILITY = YES_AGGRESSIVE;
				CLANG_WARN_UNREACHABLE_CODE = YES;
				CLANG_WARN__DUPLICATE_METHOD_MATCH = YES;
				CODE_SIGN_IDENTITY = "iPhone Developer";
				COPY_PHASE_STRIP = NO;
				DEBUG_INFORMATION_FORMAT = "dwarf-with-dsym";
				ENABLE_NS_ASSERTIONS = NO;
				ENABLE_STRICT_OBJC_MSGSEND = YES;
				GCC_C_LANGUAGE_STANDARD = gnu11;
				GCC_NO_COMMON_BLOCKS = YES;
				GCC_WARN_64_TO_32_BIT_CONVERSION = YES;
				GCC_WARN_ABOUT_RETURN_TYPE = YES_ERROR;
				GCC_WARN_UNDECLARED_SELECTOR = YES;
				GCC_WARN_UNINITIALIZED_AUTOS = YES_AGGRESSIVE;
				GCC_WARN_UNUSED_FUNCTION = YES;
				GCC_WARN_UNUSED_VARIABLE = YES;
				IPHONEOS_DEPLOYMENT_TARGET = 11.2;
				MTL_ENABLE_DEBUG_INFO = NO;
				SDKROOT = iphoneos;
				SWIFT_OPTIMIZATION_LEVEL = "-Owholemodule";
				VALIDATE_PRODUCT = YES;
			};
			name = Release;
		};
		346B9FBF2041E33B004F5295 /* Debug */ = {
			isa = XCBuildConfiguration;
			buildSettings = {
				ASSETCATALOG_COMPILER_APPICON_NAME = AppIcon;
				CODE_SIGN_STYLE = Automatic;
				DEVELOPMENT_TEAM = X39L322ZSL;
				INFOPLIST_FILE = "Mail Gun Swift 4/Info.plist";
				LD_RUNPATH_SEARCH_PATHS = "$(inherited) @executable_path/Frameworks";
				PRODUCT_BUNDLE_IDENTIFIER = "com.mattrempel.Mail-Gun-Swift-4";
				PRODUCT_NAME = "$(TARGET_NAME)";
				SWIFT_VERSION = 4.0;
				TARGETED_DEVICE_FAMILY = "1,2";
			};
			name = Debug;
		};
		346B9FC02041E33B004F5295 /* Release */ = {
			isa = XCBuildConfiguration;
			buildSettings = {
				ASSETCATALOG_COMPILER_APPICON_NAME = AppIcon;
				CODE_SIGN_STYLE = Automatic;
				DEVELOPMENT_TEAM = X39L322ZSL;
				INFOPLIST_FILE = "Mail Gun Swift 4/Info.plist";
				LD_RUNPATH_SEARCH_PATHS = "$(inherited) @executable_path/Frameworks";
				PRODUCT_BUNDLE_IDENTIFIER = "com.mattrempel.Mail-Gun-Swift-4";
				PRODUCT_NAME = "$(TARGET_NAME)";
				SWIFT_VERSION = 4.0;
				TARGETED_DEVICE_FAMILY = "1,2";
			};
			name = Release;
		};
		346B9FC22041E33B004F5295 /* Debug */ = {
			isa = XCBuildConfiguration;
			buildSettings = {
				ALWAYS_EMBED_SWIFT_STANDARD_LIBRARIES = YES;
				BUNDLE_LOADER = "$(TEST_HOST)";
				CODE_SIGN_STYLE = Automatic;
				DEVELOPMENT_TEAM = X39L322ZSL;
				INFOPLIST_FILE = "Mail Gun Swift 4Tests/Info.plist";
				LD_RUNPATH_SEARCH_PATHS = "$(inherited) @executable_path/Frameworks @loader_path/Frameworks";
				PRODUCT_BUNDLE_IDENTIFIER = "com.mattrempel.Mail-Gun-Swift-4Tests";
				PRODUCT_NAME = "$(TARGET_NAME)";
				SWIFT_VERSION = 4.0;
				TARGETED_DEVICE_FAMILY = "1,2";
				TEST_HOST = "$(BUILT_PRODUCTS_DIR)/Mail Gun Swift 4.app/Mail Gun Swift 4";
			};
			name = Debug;
		};
		346B9FC32041E33B004F5295 /* Release */ = {
			isa = XCBuildConfiguration;
			buildSettings = {
				ALWAYS_EMBED_SWIFT_STANDARD_LIBRARIES = YES;
				BUNDLE_LOADER = "$(TEST_HOST)";
				CODE_SIGN_STYLE = Automatic;
				DEVELOPMENT_TEAM = X39L322ZSL;
				INFOPLIST_FILE = "Mail Gun Swift 4Tests/Info.plist";
				LD_RUNPATH_SEARCH_PATHS = "$(inherited) @executable_path/Frameworks @loader_path/Frameworks";
				PRODUCT_BUNDLE_IDENTIFIER = "com.mattrempel.Mail-Gun-Swift-4Tests";
				PRODUCT_NAME = "$(TARGET_NAME)";
				SWIFT_VERSION = 4.0;
				TARGETED_DEVICE_FAMILY = "1,2";
				TEST_HOST = "$(BUILT_PRODUCTS_DIR)/Mail Gun Swift 4.app/Mail Gun Swift 4";
			};
			name = Release;
		};
		346B9FC52041E33B004F5295 /* Debug */ = {
			isa = XCBuildConfiguration;
			buildSettings = {
				ALWAYS_EMBED_SWIFT_STANDARD_LIBRARIES = YES;
				CODE_SIGN_STYLE = Automatic;
				DEVELOPMENT_TEAM = X39L322ZSL;
				INFOPLIST_FILE = "Mail Gun Swift 4UITests/Info.plist";
				LD_RUNPATH_SEARCH_PATHS = "$(inherited) @executable_path/Frameworks @loader_path/Frameworks";
				PRODUCT_BUNDLE_IDENTIFIER = "com.mattrempel.Mail-Gun-Swift-4UITests";
				PRODUCT_NAME = "$(TARGET_NAME)";
				SWIFT_VERSION = 4.0;
				TARGETED_DEVICE_FAMILY = "1,2";
				TEST_TARGET_NAME = "Mail Gun Swift 4";
			};
			name = Debug;
		};
		346B9FC62041E33B004F5295 /* Release */ = {
			isa = XCBuildConfiguration;
			buildSettings = {
				ALWAYS_EMBED_SWIFT_STANDARD_LIBRARIES = YES;
				CODE_SIGN_STYLE = Automatic;
				DEVELOPMENT_TEAM = X39L322ZSL;
				INFOPLIST_FILE = "Mail Gun Swift 4UITests/Info.plist";
				LD_RUNPATH_SEARCH_PATHS = "$(inherited) @executable_path/Frameworks @loader_path/Frameworks";
				PRODUCT_BUNDLE_IDENTIFIER = "com.mattrempel.Mail-Gun-Swift-4UITests";
				PRODUCT_NAME = "$(TARGET_NAME)";
				SWIFT_VERSION = 4.0;
				TARGETED_DEVICE_FAMILY = "1,2";
				TEST_TARGET_NAME = "Mail Gun Swift 4";
			};
			name = Release;
		};
/* End XCBuildConfiguration section */

/* Begin XCConfigurationList section */
		346B9F912041E33A004F5295 /* Build configuration list for PBXProject "Mail Gun Swift 4" */ = {
			isa = XCConfigurationList;
			buildConfigurations = (
				346B9FBC2041E33B004F5295 /* Debug */,
				346B9FBD2041E33B004F5295 /* Release */,
			);
			defaultConfigurationIsVisible = 0;
			defaultConfigurationName = Release;
		};
		346B9FBE2041E33B004F5295 /* Build configuration list for PBXNativeTarget "Mail Gun Swift 4" */ = {
			isa = XCConfigurationList;
			buildConfigurations = (
				346B9FBF2041E33B004F5295 /* Debug */,
				346B9FC02041E33B004F5295 /* Release */,
			);
			defaultConfigurationIsVisible = 0;
			defaultConfigurationName = Release;
		};
		346B9FC12041E33B004F5295 /* Build configuration list for PBXNativeTarget "Mail Gun Swift 4Tests" */ = {
			isa = XCConfigurationList;
			buildConfigurations = (
				346B9FC22041E33B004F5295 /* Debug */,
				346B9FC32041E33B004F5295 /* Release */,
			);
			defaultConfigurationIsVisible = 0;
			defaultConfigurationName = Release;
		};
		346B9FC42041E33B004F5295 /* Build configuration list for PBXNativeTarget "Mail Gun Swift 4UITests" */ = {
			isa = XCConfigurationList;
			buildConfigurations = (
				346B9FC52041E33B004F5295 /* Debug */,
				346B9FC62041E33B004F5295 /* Release */,
			);
			defaultConfigurationIsVisible = 0;
			defaultConfigurationName = Release;
		};
/* End XCConfigurationList section */
	};
	rootObject = 346B9F8E2041E33A004F5295 /* Project object */;
}
